
Microsoft Visual Studio Solution File, Format Version 12.00
# Visual Studio Version 16
VisualStudioVersion = 16.0.30204.135
MinimumVisualStudioVersion = 10.0.40219.1
Project("{FAE04EC0-301F-11D3-BF4B-00C04F79EFBC}") = "DoctorAppointment", "DoctorAppointment\DoctorAppointment.csproj", "{CCF9DCC0-AFDF-4785-9A7B-426CBC9702E2}"
EndProject
Project("{FAE04EC0-301F-11D3-BF4B-00C04F79EFBC}") = "DoctorAppointmentUnitTest", "DoctorAppointmentUnitTest\DoctorAppointmentUnitTest.csproj", "{B1D9E035-3AC6-47A5-8453-CFE1ADF85B28}"
EndProject
Project("{FAE04EC0-301F-11D3-BF4B-00C04F79EFBC}") = "DoctorAppointmentUiTest", "DoctorAppointmentUiTest\DoctorAppointmentUiTest.csproj", "{4710BF42-4CC3-404A-857C-9D051D43A414}"
EndProject
Project("{FAE04EC0-301F-11D3-BF4B-00C04F79EFBC}") = "DoctorAppointment_Skeleton", "DoctorAppointment_Skeleton\DoctorAppointment_Skeleton.csproj", "{E38F5ADD-AF19-4252-9E7B-AA703EFAFD7A}"
EndProject
Global
	GlobalSection(SolutionConfigurationPlatforms) = preSolution
		Debug|Any CPU = Debug|Any CPU
		Release|Any CPU = Release|Any CPU
	EndGlobalSection
	GlobalSection(ProjectConfigurationPlatforms) = postSolution
		{CCF9DCC0-AFDF-4785-9A7B-426CBC9702E2}.Debug|Any CPU.ActiveCfg = Debug|Any CPU
		{CCF9DCC0-AFDF-4785-9A7B-426CBC9702E2}.Debug|Any CPU.Build.0 = Debug|Any CPU
		{CCF9DCC0-AFDF-4785-9A7B-426CBC9702E2}.Release|Any CPU.ActiveCfg = Release|Any CPU
		{CCF9DCC0-AFDF-4785-9A7B-426CBC9702E2}.Release|Any CPU.Build.0 = Release|Any CPU
		{B1D9E035-3AC6-47A5-8453-CFE1ADF85B28}.Debug|Any CPU.ActiveCfg = Debug|Any CPU
		{B1D9E035-3AC6-47A5-8453-CFE1ADF85B28}.Debug|Any CPU.Build.0 = Debug|Any CPU
		{B1D9E035-3AC6-47A5-8453-CFE1ADF85B28}.Release|Any CPU.ActiveCfg = Release|Any CPU
		{B1D9E035-3AC6-47A5-8453-CFE1ADF85B28}.Release|Any CPU.Build.0 = Release|Any CPU
		{4710BF42-4CC3-404A-857C-9D051D43A414}.Debug|Any CPU.ActiveCfg = Debug|Any CPU
		{4710BF42-4CC3-404A-857C-9D051D43A414}.Debug|Any CPU.Build.0 = Debug|Any CPU
		{4710BF42-4CC3-404A-857C-9D051D43A414}.Release|Any CPU.ActiveCfg = Release|Any CPU
		{4710BF42-4CC3-404A-857C-9D051D43A414}.Release|Any CPU.Build.0 = Release|Any CPU
		{E38F5ADD-AF19-4252-9E7B-AA703EFAFD7A}.Debug|Any CPU.ActiveCfg = Debug|Any CPU
		{E38F5ADD-AF19-4252-9E7B-AA703EFAFD7A}.Debug|Any CPU.Build.0 = Debug|Any CPU
		{E38F5ADD-AF19-4252-9E7B-AA703EFAFD7A}.Release|Any CPU.ActiveCfg = Release|Any CPU
		{E38F5ADD-AF19-4252-9E7B-AA703EFAFD7A}.Release|Any CPU.Build.0 = Release|Any CPU
	EndGlobalSection
	GlobalSection(SolutionProperties) = preSolution
		HideSolutionNode = FALSE
	EndGlobalSection
	GlobalSection(ExtensibilityGlobals) = postSolution
		SolutionGuid = {22DD864E-D5E7-4F93-BE9B-111033DCAC25}
	EndGlobalSection
EndGlobal
